
Microsoft Visual Studio Solution File, Format Version 12.00
# Visual Studio Version 17
VisualStudioVersion = 17.6.33829.357
MinimumVisualStudioVersion = 10.0.40219.1
Project("{FAE04EC0-301F-11D3-BF4B-00C04F79EFBC}") = "BasicProgramCode", "BasicProgramCode.csproj", "{A80A9DC7-6611-490F-AB91-97E0B3E0D907}"
EndProject
Global
	GlobalSection(SolutionConfigurationPlatforms) = preSolution
		Debug|Any CPU = Debug|Any CPU
		Release|Any CPU = Release|Any CPU
	EndGlobalSection
	GlobalSection(ProjectConfigurationPlatforms) = postSolution
		{A80A9DC7-6611-490F-AB91-97E0B3E0D907}.Debug|Any CPU.ActiveCfg = Debug|Any CPU
		{A80A9DC7-6611-490F-AB91-97E0B3E0D907}.Debug|Any CPU.Build.0 = Debug|Any CPU
		{A80A9DC7-6611-490F-AB91-97E0B3E0D907}.Release|Any CPU.ActiveCfg = Release|Any CPU
		{A80A9DC7-6611-490F-AB91-97E0B3E0D907}.Release|Any CPU.Build.0 = Release|Any CPU
	EndGlobalSection
	GlobalSection(SolutionProperties) = preSolution
		HideSolutionNode = FALSE
	EndGlobalSection
	GlobalSection(ExtensibilityGlobals) = postSolution
		SolutionGuid = {E850AE5F-76C1-43ED-9595-D4632D8CB85C}
	EndGlobalSection
EndGlobal
